// !$*UTF8*$!
{
	archiveVersion = 1;
	classes = {
	};
	objectVersion = 46;
	objects = {

/* Begin PBXBuildFile section */
		21E33A4E1C60556E00347128 /* main.m in Sources */ = {isa = PBXBuildFile; fileRef = 21E33A4D1C60556E00347128 /* main.m */; };
		21E33A511C60556E00347128 /* AppDelegate.m in Sources */ = {isa = PBXBuildFile; fileRef = 21E33A501C60556E00347128 /* AppDelegate.m */; };
		21E33A541C60556E00347128 /* ViewController.m in Sources */ = {isa = PBXBuildFile; fileRef = 21E33A531C60556E00347128 /* ViewController.m */; };
		21E33A571C60556E00347128 /* Main.storyboard in Resources */ = {isa = PBXBuildFile; fileRef = 21E33A551C60556E00347128 /* Main.storyboard */; };
		21E33A591C60556E00347128 /* Assets.xcassets in Resources */ = {isa = PBXBuildFile; fileRef = 21E33A581C60556E00347128 /* Assets.xcassets */; };
		21E33A5C1C60556E00347128 /* LaunchScreen.storyboard in Resources */ = {isa = PBXBuildFile; fileRef = 21E33A5A1C60556E00347128 /* LaunchScreen.storyboard */; };
		21E33C901C6055AE00347128 /* Info.plist in Resources */ = {isa = PBXBuildFile; fileRef = 21E33C761C6055AE00347128 /* Info.plist */; };
		21E33C911C6055AE00347128 /* MASCompositeConstraint.m in Sources */ = {isa = PBXBuildFile; fileRef = 21E33C781C6055AE00347128 /* MASCompositeConstraint.m */; };
		21E33C921C6055AE00347128 /* MASConstraint.m in Sources */ = {isa = PBXBuildFile; fileRef = 21E33C7B1C6055AE00347128 /* MASConstraint.m */; };
		21E33C931C6055AE00347128 /* MASConstraintMaker.m in Sources */ = {isa = PBXBuildFile; fileRef = 21E33C7D1C6055AE00347128 /* MASConstraintMaker.m */; };
		21E33C941C6055AE00347128 /* MASLayoutConstraint.m in Sources */ = {isa = PBXBuildFile; fileRef = 21E33C7F1C6055AE00347128 /* MASLayoutConstraint.m */; };
		21E33C951C6055AE00347128 /* MASViewAttribute.m in Sources */ = {isa = PBXBuildFile; fileRef = 21E33C831C6055AE00347128 /* MASViewAttribute.m */; };
		21E33C961C6055AE00347128 /* MASViewConstraint.m in Sources */ = {isa = PBXBuildFile; fileRef = 21E33C851C6055AE00347128 /* MASViewConstraint.m */; };
		21E33C971C6055AE00347128 /* NSArray+MASAdditions.m in Sources */ = {isa = PBXBuildFile; fileRef = 21E33C871C6055AE00347128 /* NSArray+MASAdditions.m */; };
		21E33C981C6055AE00347128 /* NSLayoutConstraint+MASDebugAdditions.m in Sources */ = {isa = PBXBuildFile; fileRef = 21E33C8A1C6055AE00347128 /* NSLayoutConstraint+MASDebugAdditions.m */; };
		21E33C991C6055AE00347128 /* View+MASAdditions.m in Sources */ = {isa = PBXBuildFile; fileRef = 21E33C8C1C6055AE00347128 /* View+MASAdditions.m */; };
		21E33C9A1C6055AE00347128 /* ViewController+MASAdditions.m in Sources */ = {isa = PBXBuildFile; fileRef = 21E33C8F1C6055AE00347128 /* ViewController+MASAdditions.m */; };
/* End PBXBuildFile section */

/* Begin PBXFileReference section */
		21E33A491C60556E00347128 /* scrollView加Autolayout配合使用.app */ = {isa = PBXFileReference; explicitFileType = wrapper.application; includeInIndex = 0; path = "scrollView加Autolayout配合使用.app"; sourceTree = BUILT_PRODUCTS_DIR; };
		21E33A4D1C60556E00347128 /* main.m */ = {isa = PBXFileReference; lastKnownFileType = sourcecode.c.objc; path = main.m; sourceTree = "<group>"; };
		21E33A4F1C60556E00347128 /* AppDelegate.h */ = {isa = PBXFileReference; lastKnownFileType = sourcecode.c.h; path = AppDelegate.h; sourceTree = "<group>"; };
		21E33A501C60556E00347128 /* AppDelegate.m */ = {isa = PBXFileReference; lastKnownFileType = sourcecode.c.objc; path = AppDelegate.m; sourceTree = "<group>"; };
		21E33A521C60556E00347128 /* ViewController.h */ = {isa = PBXFileReference; lastKnownFileType = sourcecode.c.h; path = ViewController.h; sourceTree = "<group>"; };
		21E33A531C60556E00347128 /* ViewController.m */ = {isa = PBXFileReference; lastKnownFileType = sourcecode.c.objc; path = ViewController.m; sourceTree = "<group>"; };
		21E33A561C60556E00347128 /* Base */ = {isa = PBXFileReference; lastKnownFileType = file.storyboard; name = Base; path = Base.lproj/Main.storyboard; sourceTree = "<group>"; };
		21E33A581C60556E00347128 /* Assets.xcassets */ = {isa = PBXFileReference; lastKnownFileType = folder.assetcatalog; path = Assets.xcassets; sourceTree = "<group>"; };
		21E33A5B1C60556E00347128 /* Base */ = {isa = PBXFileReference; lastKnownFileType = file.storyboard; name = Base; path = Base.lproj/LaunchScreen.storyboard; sourceTree = "<group>"; };
		21E33A5D1C60556E00347128 /* Info.plist */ = {isa = PBXFileReference; lastKnownFileType = text.plist.xml; path = Info.plist; sourceTree = "<group>"; };
		21E33C761C6055AE00347128 /* Info.plist */ = {isa = PBXFileReference; fileEncoding = 4; lastKnownFileType = text.plist.xml; path = Info.plist; sourceTree = "<group>"; };
		21E33C771C6055AE00347128 /* MASCompositeConstraint.h */ = {isa = PBXFileReference; fileEncoding = 4; lastKnownFileType = sourcecode.c.h; path = MASCompositeConstraint.h; sourceTree = "<group>"; };
		21E33C781C6055AE00347128 /* MASCompositeConstraint.m */ = {isa = PBXFileReference; fileEncoding = 4; lastKnownFileType = sourcecode.c.objc; path = MASCompositeConstraint.m; sourceTree = "<group>"; };
		21E33C791C6055AE00347128 /* MASConstraint+Private.h */ = {isa = PBXFileReference; fileEncoding = 4; lastKnownFileType = sourcecode.c.h; path = "MASConstraint+Private.h"; sourceTree = "<group>"; };
		21E33C7A1C6055AE00347128 /* MASConstraint.h */ = {isa = PBXFileReference; fileEncoding = 4; lastKnownFileType = sourcecode.c.h; path = MASConstraint.h; sourceTree = "<group>"; };
		21E33C7B1C6055AE00347128 /* MASConstraint.m */ = {isa = PBXFileReference; fileEncoding = 4; lastKnownFileType = sourcecode.c.objc; path = MASConstraint.m; sourceTree = "<group>"; };
		21E33C7C1C6055AE00347128 /* MASConstraintMaker.h */ = {isa = PBXFileReference; fileEncoding = 4; lastKnownFileType = sourcecode.c.h; path = MASConstraintMaker.h; sourceTree = "<group>"; };
		21E33C7D1C6055AE00347128 /* MASConstraintMaker.m */ = {isa = PBXFileReference; fileEncoding = 4; lastKnownFileType = sourcecode.c.objc; path = MASConstraintMaker.m; sourceTree = "<group>"; };
		21E33C7E1C6055AE00347128 /* MASLayoutConstraint.h */ = {isa = PBXFileReference; fileEncoding = 4; lastKnownFileType = sourcecode.c.h; path = MASLayoutConstraint.h; sourceTree = "<group>"; };
		21E33C7F1C6055AE00347128 /* MASLayoutConstraint.m */ = {isa = PBXFileReference; fileEncoding = 4; lastKnownFileType = sourcecode.c.objc; path = MASLayoutConstraint.m; sourceTree = "<group>"; };
		21E33C801C6055AE00347128 /* Masonry.h */ = {isa = PBXFileReference; fileEncoding = 4; lastKnownFileType = sourcecode.c.h; path = Masonry.h; sourceTree = "<group>"; };
		21E33C811C6055AE00347128 /* MASUtilities.h */ = {isa = PBXFileReference; fileEncoding = 4; lastKnownFileType = sourcecode.c.h; path = MASUtilities.h; sourceTree = "<group>"; };
		21E33C821C6055AE00347128 /* MASViewAttribute.h */ = {isa = PBXFileReference; fileEncoding = 4; lastKnownFileType = sourcecode.c.h; path = MASViewAttribute.h; sourceTree = "<group>"; };
		21E33C831C6055AE00347128 /* MASViewAttribute.m */ = {isa = PBXFileReference; fileEncoding = 4; lastKnownFileType = sourcecode.c.objc; path = MASViewAttribute.m; sourceTree = "<group>"; };
		21E33C841C6055AE00347128 /* MASViewConstraint.h */ = {isa = PBXFileReference; fileEncoding = 4; lastKnownFileType = sourcecode.c.h; path = MASViewConstraint.h; sourceTree = "<group>"; };
		21E33C851C6055AE00347128 /* MASViewConstraint.m */ = {isa = PBXFileReference; fileEncoding = 4; lastKnownFileType = sourcecode.c.objc; path = MASViewConstraint.m; sourceTree = "<group>"; };
		21E33C861C6055AE00347128 /* NSArray+MASAdditions.h */ = {isa = PBXFileReference; fileEncoding = 4; lastKnownFileType = sourcecode.c.h; path = "NSArray+MASAdditions.h"; sourceTree = "<group>"; };
		21E33C871C6055AE00347128 /* NSArray+MASAdditions.m */ = {isa = PBXFileReference; fileEncoding = 4; lastKnownFileType = sourcecode.c.objc; path = "NSArray+MASAdditions.m"; sourceTree = "<group>"; };
		21E33C881C6055AE00347128 /* NSArray+MASShorthandAdditions.h */ = {isa = PBXFileReference; fileEncoding = 4; lastKnownFileType = sourcecode.c.h; path = "NSArray+MASShorthandAdditions.h"; sourceTree = "<group>"; };
		21E33C891C6055AE00347128 /* NSLayoutConstraint+MASDebugAdditions.h */ = {isa = PBXFileReference; fileEncoding = 4; lastKnownFileType = sourcecode.c.h; path = "NSLayoutConstraint+MASDebugAdditions.h"; sourceTree = "<group>"; };
		21E33C8A1C6055AE00347128 /* NSLayoutConstraint+MASDebugAdditions.m */ = {isa = PBXFileReference; fileEncoding = 4; lastKnownFileType = sourcecode.c.objc; path = "NSLayoutConstraint+MASDebugAdditions.m"; sourceTree = "<group>"; };
		21E33C8B1C6055AE00347128 /* View+MASAdditions.h */ = {isa = PBXFileReference; fileEncoding = 4; lastKnownFileType = sourcecode.c.h; path = "View+MASAdditions.h"; sourceTree = "<group>"; };
		21E33C8C1C6055AE00347128 /* View+MASAdditions.m */ = {isa = PBXFileReference; fileEncoding = 4; lastKnownFileType = sourcecode.c.objc; path = "View+MASAdditions.m"; sourceTree = "<group>"; };
		21E33C8D1C6055AE00347128 /* View+MASShorthandAdditions.h */ = {isa = PBXFileReference; fileEncoding = 4; lastKnownFileType = sourcecode.c.h; path = "View+MASShorthandAdditions.h"; sourceTree = "<group>"; };
		21E33C8E1C6055AE00347128 /* ViewController+MASAdditions.h */ = {isa = PBXFileReference; fileEncoding = 4; lastKnownFileType = sourcecode.c.h; path = "ViewController+MASAdditions.h"; sourceTree = "<group>"; };
		21E33C8F1C6055AE00347128 /* ViewController+MASAdditions.m */ = {isa = PBXFileReference; fileEncoding = 4; lastKnownFileType = sourcecode.c.objc; path = "ViewController+MASAdditions.m"; sourceTree = "<group>"; };
/* End PBXFileReference section */

/* Begin PBXFrameworksBuildPhase section */
		21E33A461C60556E00347128 /* Frameworks */ = {
			isa = PBXFrameworksBuildPhase;
			buildActionMask = 2147483647;
			files = (
			);
			runOnlyForDeploymentPostprocessing = 0;
		};
/* End PBXFrameworksBuildPhase section */

/* Begin PBXGroup section */
		21E33A401C60556E00347128 = {
			isa = PBXGroup;
			children = (
				21E33A4B1C60556E00347128 /* scrollView加Autolayout配合使用 */,
				21E33A4A1C60556E00347128 /* Products */,
			);
			sourceTree = "<group>";
		};
		21E33A4A1C60556E00347128 /* Products */ = {
			isa = PBXGroup;
			children = (
				21E33A491C60556E00347128 /* scrollView加Autolayout配合使用.app */,
			);
			name = Products;
			sourceTree = "<group>";
		};
		21E33A4B1C60556E00347128 /* scrollView加Autolayout配合使用 */ = {
			isa = PBXGroup;
			children = (
				21E33C751C6055AE00347128 /* Masonry */,
				21E33A4F1C60556E00347128 /* AppDelegate.h */,
				21E33A501C60556E00347128 /* AppDelegate.m */,
				21E33A521C60556E00347128 /* ViewController.h */,
				21E33A531C60556E00347128 /* ViewController.m */,
				21E33A551C60556E00347128 /* Main.storyboard */,
				21E33A581C60556E00347128 /* Assets.xcassets */,
				21E33A5A1C60556E00347128 /* LaunchScreen.storyboard */,
				21E33A5D1C60556E00347128 /* Info.plist */,
				21E33A4C1C60556E00347128 /* Supporting Files */,
			);
			path = "scrollView加Autolayout配合使用";
			sourceTree = "<group>";
		};
		21E33A4C1C60556E00347128 /* Supporting Files */ = {
			isa = PBXGroup;
			children = (
				21E33A4D1C60556E00347128 /* main.m */,
			);
			name = "Supporting Files";
			sourceTree = "<group>";
		};
		21E33C751C6055AE00347128 /* Masonry */ = {
			isa = PBXGroup;
			children = (
				21E33C761C6055AE00347128 /* Info.plist */,
				21E33C771C6055AE00347128 /* MASCompositeConstraint.h */,
				21E33C781C6055AE00347128 /* MASCompositeConstraint.m */,
				21E33C791C6055AE00347128 /* MASConstraint+Private.h */,
				21E33C7A1C6055AE00347128 /* MASConstraint.h */,
				21E33C7B1C6055AE00347128 /* MASConstraint.m */,
				21E33C7C1C6055AE00347128 /* MASConstraintMaker.h */,
				21E33C7D1C6055AE00347128 /* MASConstraintMaker.m */,
				21E33C7E1C6055AE00347128 /* MASLayoutConstraint.h */,
				21E33C7F1C6055AE00347128 /* MASLayoutConstraint.m */,
				21E33C801C6055AE00347128 /* Masonry.h */,
				21E33C811C6055AE00347128 /* MASUtilities.h */,
				21E33C821C6055AE00347128 /* MASViewAttribute.h */,
				21E33C831C6055AE00347128 /* MASViewAttribute.m */,
				21E33C841C6055AE00347128 /* MASViewConstraint.h */,
				21E33C851C6055AE00347128 /* MASViewConstraint.m */,
				21E33C861C6055AE00347128 /* NSArray+MASAdditions.h */,
				21E33C871C6055AE00347128 /* NSArray+MASAdditions.m */,
				21E33C881C6055AE00347128 /* NSArray+MASShorthandAdditions.h */,
				21E33C891C6055AE00347128 /* NSLayoutConstraint+MASDebugAdditions.h */,
				21E33C8A1C6055AE00347128 /* NSLayoutConstraint+MASDebugAdditions.m */,
				21E33C8B1C6055AE00347128 /* View+MASAdditions.h */,
				21E33C8C1C6055AE00347128 /* View+MASAdditions.m */,
				21E33C8D1C6055AE00347128 /* View+MASShorthandAdditions.h */,
				21E33C8E1C6055AE00347128 /* ViewController+MASAdditions.h */,
				21E33C8F1C6055AE00347128 /* ViewController+MASAdditions.m */,
			);
			path = Masonry;
			sourceTree = "<group>";
		};
/* End PBXGroup section */

/* Begin PBXNativeTarget section */
		21E33A481C60556E00347128 /* scrollView加Autolayout配合使用 */ = {
			isa = PBXNativeTarget;
			buildConfigurationList = 21E33A601C60556E00347128 /* Build configuration list for PBXNativeTarget "scrollView加Autolayout配合使用" */;
			buildPhases = (
				21E33A451C60556E00347128 /* Sources */,
				21E33A461C60556E00347128 /* Frameworks */,
				21E33A471C60556E00347128 /* Resources */,
			);
			buildRules = (
			);
			dependencies = (
			);
			name = "scrollView加Autolayout配合使用";
			productName = "scrollView加Autolayout配合使用";
			productReference = 21E33A491C60556E00347128 /* scrollView加Autolayout配合使用.app */;
			productType = "com.apple.product-type.application";
		};
/* End PBXNativeTarget section */

/* Begin PBXProject section */
		21E33A411C60556E00347128 /* Project object */ = {
			isa = PBXProject;
			attributes = {
				LastUpgradeCheck = 0720;
				ORGANIZATIONNAME = yuayang;
				TargetAttributes = {
					21E33A481C60556E00347128 = {
						CreatedOnToolsVersion = 7.2;
					};
				};
			};
			buildConfigurationList = 21E33A441C60556E00347128 /* Build configuration list for PBXProject "scrollView加Autolayout配合使用" */;
			compatibilityVersion = "Xcode 3.2";
			developmentRegion = English;
			hasScannedForEncodings = 0;
			knownRegions = (
				en,
				Base,
			);
			mainGroup = 21E33A401C60556E00347128;
			productRefGroup = 21E33A4A1C60556E00347128 /* Products */;
			projectDirPath = "";
			projectRoot = "";
			targets = (
				21E33A481C60556E00347128 /* scrollView加Autolayout配合使用 */,
			);
		};
/* End PBXProject section */

/* Begin PBXResourcesBuildPhase section */
		21E33A471C60556E00347128 /* Resources */ = {
			isa = PBXResourcesBuildPhase;
			buildActionMask = 2147483647;
			files = (
				21E33C901C6055AE00347128 /* Info.plist in Resources */,
				21E33A5C1C60556E00347128 /* LaunchScreen.storyboard in Resources */,
				21E33A591C60556E00347128 /* Assets.xcassets in Resources */,
				21E33A571C60556E00347128 /* Main.storyboard in Resources */,
			);
			runOnlyForDeploymentPostprocessing = 0;
		};
/* End PBXResourcesBuildPhase section */

/* Begin PBXSourcesBuildPhase section */
		21E33A451C60556E00347128 /* Sources */ = {
			isa = PBXSourcesBuildPhase;
			buildActionMask = 2147483647;
			files = (
				21E33C981C6055AE00347128 /* NSLayoutConstraint+MASDebugAdditions.m in Sources */,
				21E33C961C6055AE00347128 /* MASViewConstraint.m in Sources */,
				21E33C911C6055AE00347128 /* MASCompositeConstraint.m in Sources */,
				21E33C971C6055AE00347128 /* NSArray+MASAdditions.m in Sources */,
				21E33A541C60556E00347128 /* ViewController.m in Sources */,
				21E33A511C60556E00347128 /* AppDelegate.m in Sources */,
				21E33C941C6055AE00347128 /* MASLayoutConstraint.m in Sources */,
				21E33A4E1C60556E00347128 /* main.m in Sources */,
				21E33C9A1C6055AE00347128 /* ViewController+MASAdditions.m in Sources */,
				21E33C991C6055AE00347128 /* View+MASAdditions.m in Sources */,
				21E33C951C6055AE00347128 /* MASViewAttribute.m in Sources */,
				21E33C921C6055AE00347128 /* MASConstraint.m in Sources */,
				21E33C931C6055AE00347128 /* MASConstraintMaker.m in Sources */,
			);
			runOnlyForDeploymentPostprocessing = 0;
		};
/* End PBXSourcesBuildPhase section */

/* Begin PBXVariantGroup section */
		21E33A551C60556E00347128 /* Main.storyboard */ = {
			isa = PBXVariantGroup;
			children = (
				21E33A561C60556E00347128 /* Base */,
			);
			name = Main.storyboard;
			sourceTree = "<group>";
		};
		21E33A5A1C60556E00347128 /* LaunchScreen.storyboard */ = {
			isa = PBXVariantGroup;
			children = (
				21E33A5B1C60556E00347128 /* Base */,
			);
			name = LaunchScreen.storyboard;
			sourceTree = "<group>";
		};
/* End PBXVariantGroup section */

/* Begin XCBuildConfiguration section */
		21E33A5E1C60556E00347128 /* Debug */ = {
			isa = XCBuildConfiguration;
			buildSettings = {
				ALWAYS_SEARCH_USER_PATHS = NO;
				CLANG_CXX_LANGUAGE_STANDARD = "gnu++0x";
				CLANG_CXX_LIBRARY = "libc++";
				CLANG_ENABLE_MODULES = YES;
				CLANG_ENABLE_OBJC_ARC = YES;
				CLANG_WARN_BOOL_CONVERSION = YES;
				CLANG_WARN_CONSTANT_CONVERSION = YES;
				CLANG_WARN_DIRECT_OBJC_ISA_USAGE = YES_ERROR;
				CLANG_WARN_EMPTY_BODY = YES;
				CLANG_WARN_ENUM_CONVERSION = YES;
				CLANG_WARN_INT_CONVERSION = YES;
				CLANG_WARN_OBJC_ROOT_CLASS = YES_ERROR;
				CLANG_WARN_UNREACHABLE_CODE = YES;
				CLANG_WARN__DUPLICATE_METHOD_MATCH = YES;
				"CODE_SIGN_IDENTITY[sdk=iphoneos*]" = "iPhone Developer";
				COPY_PHASE_STRIP = NO;
				DEBUG_INFORMATION_FORMAT = dwarf;
				ENABLE_STRICT_OBJC_MSGSEND = YES;
				ENABLE_TESTABILITY = YES;
				GCC_C_LANGUAGE_STANDARD = gnu99;
				GCC_DYNAMIC_NO_PIC = NO;
				GCC_NO_COMMON_BLOCKS = YES;
				GCC_OPTIMIZATION_LEVEL = 0;
				GCC_PREPROCESSOR_DEFINITIONS = (
					"DEBUG=1",
					"$(inherited)",
				);
				GCC_WARN_64_TO_32_BIT_CONVERSION = YES;
				GCC_WARN_ABOUT_RETURN_TYPE = YES_ERROR;
				GCC_WARN_UNDECLARED_SELECTOR = YES;
				GCC_WARN_UNINITIALIZED_AUTOS = YES_AGGRESSIVE;
				GCC_WARN_UNUSED_FUNCTION = YES;
				GCC_WARN_UNUSED_VARIABLE = YES;
				IPHONEOS_DEPLOYMENT_TARGET = 9.2;
				MTL_ENABLE_DEBUG_INFO = YES;
				ONLY_ACTIVE_ARCH = YES;
				SDKROOT = iphoneos;
				TARGETED_DEVICE_FAMILY = "1,2";
			};
			name = Debug;
		};
		21E33A5F1C60556E00347128 /* Release */ = {
			isa = XCBuildConfiguration;
			buildSettings = {
				ALWAYS_SEARCH_USER_PATHS = NO;
				CLANG_CXX_LANGUAGE_STANDARD = "gnu++0x";
				CLANG_CXX_LIBRARY = "libc++";
				CLANG_ENABLE_MODULES = YES;
				CLANG_ENABLE_OBJC_ARC = YES;
				CLANG_WARN_BOOL_CONVERSION = YES;
				CLANG_WARN_CONSTANT_CONVERSION = YES;
				CLANG_WARN_DIRECT_OBJC_ISA_USAGE = YES_ERROR;
				CLANG_WARN_EMPTY_BODY = YES;
				CLANG_WARN_ENUM_CONVERSION = YES;
				CLANG_WARN_INT_CONVERSION = YES;
				CLANG_WARN_OBJC_ROOT_CLASS = YES_ERROR;
				CLANG_WARN_UNREACHABLE_CODE = YES;
				CLANG_WARN__DUPLICATE_METHOD_MATCH = YES;
				"CODE_SIGN_IDENTITY[sdk=iphoneos*]" = "iPhone Developer";
				COPY_PHASE_STRIP = NO;
				DEBUG_INFORMATION_FORMAT = "dwarf-with-dsym";
				ENABLE_NS_ASSERTIONS = NO;
				ENABLE_STRICT_OBJC_MSGSEND = YES;
				GCC_C_LANGUAGE_STANDARD = gnu99;
				GCC_NO_COMMON_BLOCKS = YES;
				GCC_WARN_64_TO_32_BIT_CONVERSION = YES;
				GCC_WARN_ABOUT_RETURN_TYPE = YES_ERROR;
				GCC_WARN_UNDECLARED_SELECTOR = YES;
				GCC_WARN_UNINITIALIZED_AUTOS = YES_AGGRESSIVE;
				GCC_WARN_UNUSED_FUNCTION = YES;
				GCC_WARN_UNUSED_VARIABLE = YES;
				IPHONEOS_DEPLOYMENT_TARGET = 9.2;
				MTL_ENABLE_DEBUG_INFO = NO;
				SDKROOT = iphoneos;
				TARGETED_DEVICE_FAMILY = "1,2";
				VALIDATE_PRODUCT = YES;
			};
			name = Release;
		};
		21E33A611C60556E00347128 /* Debug */ = {
			isa = XCBuildConfiguration;
			buildSettings = {
				ASSETCATALOG_COMPILER_APPICON_NAME = AppIcon;
				INFOPLIST_FILE = "scrollView加Autolayout配合使用/Info.plist";
				LD_RUNPATH_SEARCH_PATHS = "$(inherited) @executable_path/Frameworks";
				PRODUCT_BUNDLE_IDENTIFIER = "cn.yuanyang.scrollView-Autolayout----";
				PRODUCT_NAME = "$(TARGET_NAME)";
			};
			name = Debug;
		};
		21E33A621C60556E00347128 /* Release */ = {
			isa = XCBuildConfiguration;
			buildSettings = {
				ASSETCATALOG_COMPILER_APPICON_NAME = AppIcon;
				INFOPLIST_FILE = "scrollView加Autolayout配合使用/Info.plist";
				LD_RUNPATH_SEARCH_PATHS = "$(inherited) @executable_path/Frameworks";
				PRODUCT_BUNDLE_IDENTIFIER = "cn.yuanyang.scrollView-Autolayout----";
				PRODUCT_NAME = "$(TARGET_NAME)";
			};
			name = Release;
		};
/* End XCBuildConfiguration section */

/* Begin XCConfigurationList section */
		21E33A441C60556E00347128 /* Build configuration list for PBXProject "scrollView加Autolayout配合使用" */ = {
			isa = XCConfigurationList;
			buildConfigurations = (
				21E33A5E1C60556E00347128 /* Debug */,
				21E33A5F1C60556E00347128 /* Release */,
			);
			defaultConfigurationIsVisible = 0;
			defaultConfigurationName = Release;
		};
		21E33A601C60556E00347128 /* Build configuration list for PBXNativeTarget "scrollView加Autolayout配合使用" */ = {
			isa = XCConfigurationList;
			buildConfigurations = (
				21E33A611C60556E00347128 /* Debug */,
				21E33A621C60556E00347128 /* Release */,
			);
			defaultConfigurationIsVisible = 0;
		};
/* End XCConfigurationList section */
	};
	rootObject = 21E33A411C60556E00347128 /* Project object */;
}
